{
  "dependencies": {
    "autoprefixer": {
      "version": "6.0.3",
      "dependencies": {
        "num2fraction": {
          "version": "1.2.2"
        },
        "browserslist": {
          "version": "1.0.0"
        },
        "caniuse-db": {
          "version": "1.0.30000318"
        }
      }
    },
    "autoprefixer-stylus": {
      "version": "0.5.0",
      "dependencies": {
        "autoprefixer-core": {
          "version": "4.0.2",
          "dependencies": {
            "caniuse-db": {
              "version": "1.0.30000107"
            },
            "postcss": {
              "version": "3.0.7",
              "dependencies": {
                "source-map": {
                  "version": "0.1.43",
                  "dependencies": {
                    "amdefine": {
                      "version": "0.1.0"
                    }
                  }
                },
                "js-base64": {
                  "version": "2.1.7"
                }
              }
            }
          }
        },
        "multi-stage-sourcemap": {
          "version": "0.2.1",
          "dependencies": {
            "source-map": {
              "version": "0.1.43",
              "dependencies": {
                "amdefine": {
                  "version": "0.1.0"
                }
              }
            }
          }
        }
      }
    },
    "axis": {
      "version": "0.5.0"
    },
    "lost": {
      "version": "6.6.2",
      "dependencies": {
        "object-assign": {
          "version": "2.0.0"
        }
      }
    },
    "nib": {
      "version": "1.1.0",
      "dependencies": {
        "stylus": {
          "version": "0.49.3",
          "dependencies": {
            "css-parse": {
              "version": "1.7.0"
            },
            "mkdirp": {
              "version": "0.3.5"
            },
            "debug": {
              "version": "2.2.0",
              "dependencies": {
                "ms": {
                  "version": "0.7.1"
                }
              }
            },
            "sax": {
              "version": "0.5.8"
            },
            "glob": {
              "version": "3.2.11",
              "dependencies": {
                "inherits": {
                  "version": "2.0.1"
                },
                "minimatch": {
                  "version": "0.3.0",
                  "dependencies": {
                    "lru-cache": {
                      "version": "2.7.0"
                    },
                    "sigmund": {
                      "version": "1.0.1"
                    }
                  }
                }
              }
            },
            "source-map": {
              "version": "0.1.43",
              "dependencies": {
                "amdefine": {
                  "version": "1.0.0"
                }
              }
            }
          }
        }
      }
    },
    "postcss": {
      "version": "5.0.6",
      "dependencies": {
        "supports-color": {
          "version": "3.1.1",
          "dependencies": {
            "has-flag": {
              "version": "1.0.0"
            }
          }
        },
        "source-map": {
          "version": "0.5.0"
        },
        "js-base64": {
          "version": "2.1.9"
        }
      }
    },
    "rucksack-css": {
      "version": "0.8.2",
      "dependencies": {
        "autoprefixer": {
          "version": "6.0.3",
          "dependencies": {
            "num2fraction": {
              "version": "1.2.2"
            },
            "browserslist": {
              "version": "1.0.0"
            },
            "caniuse-db": {
              "version": "1.0.30000318"
            }
          }
        },
        "minimist": {
          "version": "1.2.0"
        },
        "postcss-alias": {
          "version": "0.2.2"
        },
        "postcss-clearfix": {
          "version": "0.2.0"
        },
        "postcss-color-rgba-fallback": {
          "version": "2.0.0",
          "dependencies": {
            "color-string": {
              "version": "0.3.0",
              "dependencies": {
                "color-name": {
                  "version": "1.0.1"
                }
              }
            }
          }
        },
        "postcss-easings": {
          "version": "0.3.0"
        },
        "postcss-fontpath": {
          "version": "0.2.0"
        },
        "postcss-hexrgba": {
          "version": "0.2.0"
        },
        "postcss-input-style": {
          "version": "0.3.0"
        },
        "postcss-opacity": {
          "version": "3.0.0"
        },
        "postcss-position": {
          "version": "0.4.0"
        },
        "postcss-pseudoelements": {
          "version": "3.0.0"
        },
        "postcss-quantity-queries": {
          "version": "0.4.0",
          "dependencies": {
            "balanced-match": {
              "version": "0.2.0"
            }
          }
        },
        "postcss-reporter": {
          "version": "1.2.1",
          "dependencies": {
            "chalk": {
              "version": "1.1.1",
              "dependencies": {
                "ansi-styles": {
                  "version": "2.1.0"
                },
                "escape-string-regexp": {
                  "version": "1.0.3"
                },
                "has-ansi": {
                  "version": "2.0.0",
                  "dependencies": {
                    "ansi-regex": {
                      "version": "2.0.0"
                    }
                  }
                },
                "strip-ansi": {
                  "version": "3.0.0",
                  "dependencies": {
                    "ansi-regex": {
                      "version": "2.0.0"
                    }
                  }
                },
                "supports-color": {
                  "version": "2.0.0"
                }
              }
            },
            "lodash.difference": {
              "version": "3.2.2",
              "dependencies": {
                "lodash._basedifference": {
                  "version": "3.0.3",
                  "dependencies": {
                    "lodash._baseindexof": {
                      "version": "3.1.0"
                    },
                    "lodash._cacheindexof": {
                      "version": "3.0.2"
                    },
                    "lodash._createcache": {
                      "version": "3.1.2",
                      "dependencies": {
                        "lodash._getnative": {
                          "version": "3.9.1"
                        }
                      }
                    }
                  }
                },
                "lodash._baseflatten": {
                  "version": "3.1.4",
                  "dependencies": {
                    "lodash.isarguments": {
                      "version": "3.0.4"
                    },
                    "lodash.isarray": {
                      "version": "3.0.4"
                    }
                  }
                },
                "lodash.restparam": {
                  "version": "3.6.1"
                }
              }
            },
            "lodash.property": {
              "version": "3.1.2",
              "dependencies": {
                "lodash._baseget": {
                  "version": "3.7.2"
                },
                "lodash._topath": {
                  "version": "3.8.1"
                },
                "lodash.isarray": {
                  "version": "3.0.4"
                }
              }
            },
            "lodash.sortbyall": {
              "version": "3.2.1",
              "dependencies": {
                "lodash._baseeach": {
                  "version": "3.0.4",
                  "dependencies": {
                    "lodash.keys": {
                      "version": "3.1.2",
                      "dependencies": {
                        "lodash._getnative": {
                          "version": "3.9.1"
                        }
                      }
                    }
                  }
                },
                "lodash._baseflatten": {
                  "version": "3.1.4"
                },
                "lodash._basesortbyorder": {
                  "version": "3.5.3",
                  "dependencies": {
                    "lodash._arraymap": {
                      "version": "3.0.0"
                    },
                    "lodash._basecallback": {
                      "version": "3.3.1",
                      "dependencies": {
                        "lodash._baseisequal": {
                          "version": "3.0.7",
                          "dependencies": {
                            "lodash.istypedarray": {
                              "version": "3.0.2"
                            },
                            "lodash.keys": {
                              "version": "3.1.2",
                              "dependencies": {
                                "lodash._getnative": {
                                  "version": "3.9.1"
                                }
                              }
                            }
                          }
                        },
                        "lodash._bindcallback": {
                          "version": "3.0.1"
                        },
                        "lodash.pairs": {
                          "version": "3.0.1",
                          "dependencies": {
                            "lodash.keys": {
                              "version": "3.1.2",
                              "dependencies": {
                                "lodash._getnative": {
                                  "version": "3.9.1"
                                }
                              }
                            }
                          }
                        }
                      }
                    },
                    "lodash._basecompareascending": {
                      "version": "3.0.2"
                    },
                    "lodash._basesortby": {
                      "version": "3.0.0"
                    }
                  }
                },
                "lodash._isiterateecall": {
                  "version": "3.0.9"
                },
                "lodash.isarguments": {
                  "version": "3.0.4"
                },
                "lodash.isarray": {
                  "version": "3.0.4"
                },
                "lodash.restparam": {
                  "version": "3.6.1"
                }
              }
            },
            "log-symbols": {
              "version": "1.0.2"
            }
          }
        },
        "postcss-responsive-type": {
          "version": "0.3.1"
        },
        "postcss-vmin": {
          "version": "2.0.0"
        },
        "read-file-stdin": {
          "version": "0.2.0",
          "dependencies": {
            "gather-stream": {
              "version": "1.0.0"
            }
          }
        },
        "write-file-stdout": {
          "version": "0.0.2"
        }
      }
    },
    "rupture": {
      "version": "0.6.1"
    },
    "stylus": {
      "version": "0.52.4",
      "dependencies": {
        "css-parse": {
          "version": "1.7.0"
        },
        "mkdirp": {
          "version": "0.5.1",
          "dependencies": {
            "minimist": {
              "version": "0.0.8"
            }
          }
        },
        "debug": {
          "version": "2.2.0",
          "dependencies": {
            "ms": {
              "version": "0.7.1"
            }
          }
        },
        "sax": {
          "version": "0.5.8"
        },
        "glob": {
          "version": "3.2.11",
          "dependencies": {
            "inherits": {
              "version": "2.0.1"
            },
            "minimatch": {
              "version": "0.3.0",
              "dependencies": {
                "lru-cache": {
                  "version": "2.7.0"
                },
                "sigmund": {
                  "version": "1.0.1"
                }
              }
            }
          }
        },
        "source-map": {
          "version": "0.1.43",
          "dependencies": {
            "amdefine": {
              "version": "1.0.0"
            }
          }
        }
      }
    }
  }
}
