{
  "dependencies": {
    "autoprefixer-stylus": {
      "version": "0.1.0",
      "dependencies": {
        "autoprefixer": {
          "version": "1.1.20140605",
          "dependencies": {
            "postcss": {
              "version": "0.3.5",
              "dependencies": {
                "source-map": {
                  "version": "0.1.34",
                  "dependencies": {
                    "amdefine": {
                      "version": "0.1.0"
                    }
                  }
                },
                "base64-js": {
                  "version": "0.0.7"
                }
              }
            },
            "fs-extra": {
              "version": "0.9.1",
              "dependencies": {
                "ncp": {
                  "version": "0.5.1"
                },
                "mkdirp": {
                  "version": "0.5.0",
                  "dependencies": {
                    "minimist": {
                      "version": "0.0.8"
                    }
                  }
                },
                "jsonfile": {
                  "version": "1.1.1"
                },
                "rimraf": {
                  "version": "2.2.8"
                }
              }
            }
          }
        }
      }
    },
    "axis": {
      "version": "0.2.0",
      "dependencies": {
        "nib": {
          "version": "1.0.3",
          "dependencies": {
            "stylus": {
              "version": "0.37.0",
              "dependencies": {
                "cssom": {
                  "version": "0.2.5"
                },
                "mkdirp": {
                  "version": "0.3.5"
                },
                "debug": {
                  "version": "1.0.2",
                  "dependencies": {
                    "ms": {
                      "version": "0.6.2"
                    }
                  }
                },
                "sax": {
                  "version": "0.5.8"
                }
              }
            }
          }
        }
      }
    },
    "jeet": {
      "version": "5.2.10",
      "dependencies": {
        "stylus": {
          "version": "0.42.3",
          "dependencies": {
            "css-parse": {
              "version": "1.7.0"
            },
            "mkdirp": {
              "version": "0.3.5"
            },
            "debug": {
              "version": "1.0.2",
              "dependencies": {
                "ms": {
                  "version": "0.6.2"
                }
              }
            },
            "sax": {
              "version": "0.5.8"
            },
            "glob": {
              "version": "3.2.11",
              "dependencies": {
                "inherits": {
                  "version": "2.0.1"
                },
                "minimatch": {
                  "version": "0.3.0",
                  "dependencies": {
                    "lru-cache": {
                      "version": "2.5.0"
                    },
                    "sigmund": {
                      "version": "1.0.0"
                    }
                  }
                }
              }
            }
          }
        }
      }
    },
    "nib": {
      "version": "1.0.3",
      "dependencies": {
        "stylus": {
          "version": "0.37.0",
          "dependencies": {
            "cssom": {
              "version": "0.2.5"
            },
            "mkdirp": {
              "version": "0.3.5"
            },
            "debug": {
              "version": "1.0.2",
              "dependencies": {
                "ms": {
                  "version": "0.6.2"
                }
              }
            },
            "sax": {
              "version": "0.5.8"
            }
          }
        }
      }
    },
    "rupture": {
      "version": "0.1.0"
    },
    "stylus": {
      "version": "0.46.3",
      "dependencies": {
        "css-parse": {
          "version": "1.7.0"
        },
        "mkdirp": {
          "version": "0.3.5"
        },
        "debug": {
          "version": "1.0.2",
          "dependencies": {
            "ms": {
              "version": "0.6.2"
            }
          }
        },
        "sax": {
          "version": "0.5.8"
        },
        "glob": {
          "version": "3.2.11",
          "dependencies": {
            "inherits": {
              "version": "2.0.1"
            },
            "minimatch": {
              "version": "0.3.0",
              "dependencies": {
                "lru-cache": {
                  "version": "2.5.0"
                },
                "sigmund": {
                  "version": "1.0.0"
                }
              }
            }
          }
        }
      }
    }
  }
}
